<?xml version="1.0" encoding="utf-8"?>
<Project ToolsVersion="4.0" xmlns="http://schemas.microsoft.com/developer/msbuild/2003">
  <ItemGroup>
    <Filter Include="graphics">
      <UniqueIdentifier>{cb8f41d5-81b9-49b9-b096-f7c0d4114658}</UniqueIdentifier>
    </Filter>
    <Filter Include="input">
      <UniqueIdentifier>{9c485bd1-69ad-4b97-9ec0-97fc765e60e6}</UniqueIdentifier>
    </Filter>
    <Filter Include="math">
      <UniqueIdentifier>{7f640d15-40d3-4110-9185-c9b09d8e2b07}</UniqueIdentifier>
    </Filter>
    <Filter Include="system">
      <UniqueIdentifier>{f3ce2391-1e44-49fc-9bf0-616202997ccd}</UniqueIdentifier>
    </Filter>
    <Filter Include="test">
      <UniqueIdentifier>{995ce610-1b8a-4879-bcf7-f667080b5c87}</UniqueIdentifier>
    </Filter>
    <Filter Include="game_framework">
      <UniqueIdentifier>{06efa1a4-f7ea-41d4-b9be-e1f2eba2ff54}</UniqueIdentifier>
    </Filter>
    <Filter Include="resource_management">
      <UniqueIdentifier>{a1588e20-a76e-4ea3-8e80-e909f4f278cf}</UniqueIdentifier>
    </Filter>
    <Filter Include="level_generation">
      <UniqueIdentifier>{24f06a84-e2b7-4f4b-8451-be31a22774ba}</UniqueIdentifier>
    </Filter>
    <Filter Include="game_framework\components">
      <UniqueIdentifier>{05de4634-94b2-44f9-a1aa-c67334964199}</UniqueIdentifier>
    </Filter>
    <Filter Include="graphics\buffers">
      <UniqueIdentifier>{8b0c4326-ee27-4117-abf0-31525de48a0c}</UniqueIdentifier>
    </Filter>
    <Filter Include="graphics\enums">
      <UniqueIdentifier>{15cadec9-1a9e-4865-b16d-e8b8003465c9}</UniqueIdentifier>
    </Filter>
    <Filter Include="graphics\structs">
      <UniqueIdentifier>{a6c27b75-8e66-4b8c-8c2f-2c65f4718dfd}</UniqueIdentifier>
    </Filter>
    <Filter Include="system\structs">
      <UniqueIdentifier>{47d261b7-504c-4316-a6a2-0d5fdd95ca9e}</UniqueIdentifier>
    </Filter>
    <Filter Include="system\interfaces">
      <UniqueIdentifier>{d5b90e3c-a359-46fe-836f-939988c388f6}</UniqueIdentifier>
    </Filter>
    <Filter Include="input\enums">
      <UniqueIdentifier>{df595bae-bf19-43f6-8050-73a7a94e2f13}</UniqueIdentifier>
    </Filter>
    <Filter Include="game_framework\components\interfaces">
      <UniqueIdentifier>{f484da0d-b078-495f-82f5-78a28dca7014}</UniqueIdentifier>
    </Filter>
  </ItemGroup>
  <ItemGroup>
    <ClInclude Include="Vec2.h">
      <Filter>math</Filter>
    </ClInclude>
    <ClInclude Include="Vec2.hpp">
      <Filter>math</Filter>
    </ClInclude>
    <ClInclude Include="Vec3.h">
      <Filter>math</Filter>
    </ClInclude>
    <ClInclude Include="Vec3.hpp">
      <Filter>math</Filter>
    </ClInclude>
    <ClInclude Include="CGraphics.h">
      <Filter>graphics</Filter>
    </ClInclude>
    <ClInclude Include="CInputManager.h">
      <Filter>input</Filter>
    </ClInclude>
    <ClInclude Include="CInputLayout.h">
      <Filter>graphics</Filter>
    </ClInclude>
    <ClInclude Include="CBaseApp.h">
      <Filter>system</Filter>
    </ClInclude>
    <ClInclude Include="CCamera.h">
      <Filter>game_framework\components</Filter>
    </ClInclude>
    <ClInclude Include="CTimer.h">
      <Filter>system</Filter>
    </ClInclude>
    <ClInclude Include="CSysWindow.h">
      <Filter>system</Filter>
    </ClInclude>
    <ClInclude Include="stdafx.h">
      <Filter>system</Filter>
    </ClInclude>
    <ClInclude Include="CTransform.h">
      <Filter>game_framework\components</Filter>
    </ClInclude>
    <ClInclude Include="CTexture2D.h">
      <Filter>graphics</Filter>
    </ClInclude>
    <ClInclude Include="CTestApp.h">
      <Filter>test</Filter>
    </ClInclude>
    <ClInclude Include="CTestScript.h">
      <Filter>test</Filter>
    </ClInclude>
    <ClInclude Include="CCameraMovement.h">
      <Filter>test</Filter>
    </ClInclude>
    <ClInclude Include="CGameObject.h">
      <Filter>game_framework</Filter>
    </ClInclude>
    <ClInclude Include="CMathHelper.h">
      <Filter>math</Filter>
    </ClInclude>
    <ClInclude Include="CResourceManager.h">
      <Filter>resource_management</Filter>
    </ClInclude>
    <ClInclude Include="CMazeDepthFirst.h">
      <Filter>level_generation</Filter>
    </ClInclude>
    <ClInclude Include="CScene.h">
      <Filter>game_framework</Filter>
    </ClInclude>
    <ClInclude Include="CSceneManager.h">
      <Filter>game_framework</Filter>
    </ClInclude>
    <ClInclude Include="CConstantBuffer.h">
      <Filter>graphics\buffers</Filter>
    </ClInclude>
    <ClInclude Include="CIndexBuffer.h">
      <Filter>graphics\buffers</Filter>
    </ClInclude>
    <ClInclude Include="CVertexBuffer.h">
      <Filter>graphics\buffers</Filter>
    </ClInclude>
    <ClInclude Include="EInputLayoutType.h">
      <Filter>graphics\enums</Filter>
    </ClInclude>
    <ClInclude Include="EShaderType.h">
      <Filter>graphics\enums</Filter>
    </ClInclude>
    <ClInclude Include="SModel.h">
      <Filter>graphics\structs</Filter>
    </ClInclude>
    <ClInclude Include="SRenderCommand.h">
      <Filter>graphics\structs</Filter>
    </ClInclude>
    <ClInclude Include="SVertex.h">
      <Filter>graphics\structs</Filter>
    </ClInclude>
    <ClInclude Include="SVSConstantBufferData.h">
      <Filter>graphics\structs</Filter>
    </ClInclude>
    <ClInclude Include="CMeshRenderer.h">
      <Filter>game_framework\components</Filter>
    </ClInclude>
    <ClInclude Include="CShader.h">
      <Filter>graphics</Filter>
    </ClInclude>
    <ClInclude Include="SAppConfig.h">
      <Filter>system\structs</Filter>
    </ClInclude>
    <ClInclude Include="ISysWinEventHandler.h">
      <Filter>system\interfaces</Filter>
    </ClInclude>
    <ClInclude Include="EKeyCode.h">
      <Filter>input\enums</Filter>
    </ClInclude>
    <ClInclude Include="IComponent.h">
      <Filter>game_framework\components\interfaces</Filter>
    </ClInclude>
    <ClInclude Include="CLog.h">
      <Filter>system</Filter>
    </ClInclude>
  </ItemGroup>
  <ItemGroup>
    <ClCompile Include="CBaseApp.cpp">
      <Filter>system</Filter>
    </ClCompile>
    <ClCompile Include="CCamera.cpp">
      <Filter>game_framework\components</Filter>
    </ClCompile>
    <ClCompile Include="CCameraMovement.cpp">
      <Filter>test</Filter>
    </ClCompile>
    <ClCompile Include="CConstantBuffer.cpp">
      <Filter>graphics\buffers</Filter>
    </ClCompile>
    <ClCompile Include="CIndexBuffer.cpp">
      <Filter>graphics\buffers</Filter>
    </ClCompile>
    <ClCompile Include="CVertexBuffer.cpp">
      <Filter>graphics\buffers</Filter>
    </ClCompile>
    <ClCompile Include="CGameObject.cpp">
      <Filter>game_framework</Filter>
    </ClCompile>
    <ClCompile Include="CResourceManager.cpp">
      <Filter>resource_management</Filter>
    </ClCompile>
    <ClCompile Include="CMeshRenderer.cpp">
      <Filter>game_framework\components</Filter>
    </ClCompile>
    <ClCompile Include="CInputManager.cpp">
      <Filter>input</Filter>
    </ClCompile>
    <ClCompile Include="CGraphics.cpp">
      <Filter>graphics</Filter>
    </ClCompile>
    <ClCompile Include="CShader.cpp">
      <Filter>graphics</Filter>
    </ClCompile>
    <ClCompile Include="CInputLayout.cpp">
      <Filter>graphics</Filter>
    </ClCompile>
    <ClCompile Include="CTexture2D.cpp">
      <Filter>graphics</Filter>
    </ClCompile>
    <ClCompile Include="CMathHelper.cpp">
      <Filter>math</Filter>
    </ClCompile>
    <ClCompile Include="CMazeDepthFirst.cpp">
      <Filter>level_generation</Filter>
    </ClCompile>
    <ClCompile Include="CScene.cpp">
      <Filter>game_framework</Filter>
    </ClCompile>
    <ClCompile Include="CSceneManager.cpp">
      <Filter>game_framework</Filter>
    </ClCompile>
    <ClCompile Include="CSysWindow.cpp">
      <Filter>system</Filter>
    </ClCompile>
    <ClCompile Include="CTestApp.cpp">
      <Filter>test</Filter>
    </ClCompile>
    <ClCompile Include="CTestScript.cpp">
      <Filter>test</Filter>
    </ClCompile>
    <ClCompile Include="CTransform.cpp">
      <Filter>game_framework\components</Filter>
    </ClCompile>
    <ClCompile Include="CTimer.cpp">
      <Filter>system</Filter>
    </ClCompile>
    <ClCompile Include="stdafx.cpp">
      <Filter>system</Filter>
    </ClCompile>
    <ClCompile Include="IComponent.cpp">
      <Filter>game_framework\components\interfaces</Filter>
    </ClCompile>
    <ClCompile Include="main.cpp" />
    <ClCompile Include="CLog.cpp">
      <Filter>system</Filter>
    </ClCompile>
  </ItemGroup>
</Project>